
Microsoft Visual Studio Solution File, Format Version 12.00
# Visual Studio Version 16
VisualStudioVersion = 16.0.31005.135
MinimumVisualStudioVersion = 10.0.40219.1
Project("{9A19103F-16F7-4668-BE54-9A1E7A4F7556}") = "Rboxlo.Launcher", "Rboxlo.Launcher\Rboxlo.Launcher.csproj", "{908FEAB3-60A1-491A-B6CC-D0A96707E3A8}"
EndProject
Project("{D954291E-2A0B-460D-934E-DC6B0785DB48}") = "Rboxlo.Core", "Rboxlo.Core\Rboxlo.Core.shproj", "{04E0BEFA-2B0E-48DF-ACA9-4290850A0288}"
EndProject
Project("{9A19103F-16F7-4668-BE54-9A1E7A4F7556}") = "Rboxlo.DotEnv", "Rboxlo.DotEnv\Rboxlo.DotEnv.csproj", "{A8F57FB1-E4BB-4123-B755-271E57BBE4DA}"
EndProject
Global
	GlobalSection(SharedMSBuildProjectFiles) = preSolution
		Rboxlo.Core\Rboxlo.Core.projitems*{04e0befa-2b0e-48df-aca9-4290850a0288}*SharedItemsImports = 13
		Rboxlo.Core\Rboxlo.Core.projitems*{908feab3-60a1-491a-b6cc-d0a96707e3a8}*SharedItemsImports = 5
	EndGlobalSection
	GlobalSection(SolutionConfigurationPlatforms) = preSolution
		Debug|Any CPU = Debug|Any CPU
		Release|Any CPU = Release|Any CPU
	EndGlobalSection
	GlobalSection(ProjectConfigurationPlatforms) = postSolution
		{908FEAB3-60A1-491A-B6CC-D0A96707E3A8}.Debug|Any CPU.ActiveCfg = Debug|Any CPU
		{908FEAB3-60A1-491A-B6CC-D0A96707E3A8}.Debug|Any CPU.Build.0 = Debug|Any CPU
		{908FEAB3-60A1-491A-B6CC-D0A96707E3A8}.Release|Any CPU.ActiveCfg = Release|Any CPU
		{908FEAB3-60A1-491A-B6CC-D0A96707E3A8}.Release|Any CPU.Build.0 = Release|Any CPU
		{A8F57FB1-E4BB-4123-B755-271E57BBE4DA}.Debug|Any CPU.ActiveCfg = Debug|Any CPU
		{A8F57FB1-E4BB-4123-B755-271E57BBE4DA}.Debug|Any CPU.Build.0 = Debug|Any CPU
		{A8F57FB1-E4BB-4123-B755-271E57BBE4DA}.Release|Any CPU.ActiveCfg = Release|Any CPU
		{A8F57FB1-E4BB-4123-B755-271E57BBE4DA}.Release|Any CPU.Build.0 = Release|Any CPU
	EndGlobalSection
	GlobalSection(SolutionProperties) = preSolution
		HideSolutionNode = FALSE
	EndGlobalSection
	GlobalSection(ExtensibilityGlobals) = postSolution
		SolutionGuid = {9DAEAD34-ACC8-4D76-89C2-42EFDE34549C}
	EndGlobalSection
EndGlobal
